// !$*UTF8*$!
{
	archiveVersion = 1;
	classes = {
	};
	objectVersion = 50;
	objects = {

/* Begin PBXBuildFile section */
		3203BFB2261F567400FF2FBC /* PersistentContainer.swift in Sources */ = {isa = PBXBuildFile; fileRef = 3203BFB1261F567400FF2FBC /* PersistentContainer.swift */; };
		3203BFB3261F567400FF2FBC /* PersistentContainer.swift in Sources */ = {isa = PBXBuildFile; fileRef = 3203BFB1261F567400FF2FBC /* PersistentContainer.swift */; };
		3214A1AF260FD11500315087 /* SessionSaverApp.swift in Sources */ = {isa = PBXBuildFile; fileRef = 3214A1AE260FD11500315087 /* SessionSaverApp.swift */; };
		3214A1B1260FD11500315087 /* ContentView.swift in Sources */ = {isa = PBXBuildFile; fileRef = 3214A1B0260FD11500315087 /* ContentView.swift */; };
		3214A1B3260FD11600315087 /* Assets.xcassets in Resources */ = {isa = PBXBuildFile; fileRef = 3214A1B2260FD11600315087 /* Assets.xcassets */; };
		3214A1B6260FD11600315087 /* Preview Assets.xcassets in Resources */ = {isa = PBXBuildFile; fileRef = 3214A1B5260FD11600315087 /* Preview Assets.xcassets */; };
		3214A1B8260FD11600315087 /* PersistenceController.swift in Sources */ = {isa = PBXBuildFile; fileRef = 3214A1B7260FD11600315087 /* PersistenceController.swift */; };
		3214A1BB260FD11600315087 /* SessionSaver.xcdatamodeld in Sources */ = {isa = PBXBuildFile; fileRef = 3214A1B9260FD11600315087 /* SessionSaver.xcdatamodeld */; };
		3214A1CB260FD1F100315087 /* Cocoa.framework in Frameworks */ = {isa = PBXBuildFile; fileRef = 3214A1CA260FD1F100315087 /* Cocoa.framework */; };
		3214A1CE260FD1F100315087 /* SafariExtensionHandler.swift in Sources */ = {isa = PBXBuildFile; fileRef = 3214A1CD260FD1F100315087 /* SafariExtensionHandler.swift */; };
		3214A1D0260FD1F100315087 /* SafariExtensionViewController.swift in Sources */ = {isa = PBXBuildFile; fileRef = 3214A1CF260FD1F100315087 /* SafariExtensionViewController.swift */; };
		3214A1D3260FD1F100315087 /* script.js in Resources */ = {isa = PBXBuildFile; fileRef = 3214A1D2260FD1F100315087 /* script.js */; };
		3214A1D5260FD1F100315087 /* ToolbarItemIcon.pdf in Resources */ = {isa = PBXBuildFile; fileRef = 3214A1D4260FD1F100315087 /* ToolbarItemIcon.pdf */; };
		3214A1DD260FD1F100315087 /* SessionSaverSafari.appex in Embed App Extensions */ = {isa = PBXBuildFile; fileRef = 3214A1C8260FD1F100315087 /* SessionSaverSafari.appex */; settings = {ATTRIBUTES = (RemoveHeadersOnCopy, ); }; };
		324F4DE4262E56E6002FD448 /* Sequence.swift in Sources */ = {isa = PBXBuildFile; fileRef = 324F4DE3262E56E6002FD448 /* Sequence.swift */; };
		324F4DE7262E5718002FD448 /* Sequence.swift in Sources */ = {isa = PBXBuildFile; fileRef = 324F4DE3262E56E6002FD448 /* Sequence.swift */; };
		324F4DFD262E5C78002FD448 /* NewSessionButton.swift in Sources */ = {isa = PBXBuildFile; fileRef = 324F4DFC262E5C78002FD448 /* NewSessionButton.swift */; };
		324F4DFE262E5C78002FD448 /* NewSessionButton.swift in Sources */ = {isa = PBXBuildFile; fileRef = 324F4DFC262E5C78002FD448 /* NewSessionButton.swift */; };
		3251C2D1261DFF1F0081212A /* SessionMO.swift in Sources */ = {isa = PBXBuildFile; fileRef = 3251C2D0261DFF1F0081212A /* SessionMO.swift */; };
		3251C2D2261DFF1F0081212A /* SessionMO.swift in Sources */ = {isa = PBXBuildFile; fileRef = 3251C2D0261DFF1F0081212A /* SessionMO.swift */; };
		32557C6F2667C6C20010FB9A /* MockData.swift in Sources */ = {isa = PBXBuildFile; fileRef = 32557C6E2667C6C20010FB9A /* MockData.swift */; };
		32557C702667C6C20010FB9A /* MockData.swift in Sources */ = {isa = PBXBuildFile; fileRef = 32557C6E2667C6C20010FB9A /* MockData.swift */; };
		325DA425261CD607008957E2 /* DBHelper.swift in Sources */ = {isa = PBXBuildFile; fileRef = 325DA424261CD607008957E2 /* DBHelper.swift */; };
		325DA426261CD607008957E2 /* DBHelper.swift in Sources */ = {isa = PBXBuildFile; fileRef = 325DA424261CD607008957E2 /* DBHelper.swift */; };
		325DA42A261CD61F008957E2 /* CoreDataHelper.swift in Sources */ = {isa = PBXBuildFile; fileRef = 325DA429261CD61F008957E2 /* CoreDataHelper.swift */; };
		325DA42B261CD61F008957E2 /* CoreDataHelper.swift in Sources */ = {isa = PBXBuildFile; fileRef = 325DA429261CD61F008957E2 /* CoreDataHelper.swift */; };
		3293112C2619481E001190DF /* SessionSaver.xcdatamodeld in Sources */ = {isa = PBXBuildFile; fileRef = 3214A1B9260FD11600315087 /* SessionSaver.xcdatamodeld */; };
		3293112F261974EC001190DF /* PersistenceController.swift in Sources */ = {isa = PBXBuildFile; fileRef = 3214A1B7260FD11600315087 /* PersistenceController.swift */; };
		3293113326197761001190DF /* SessionStorage.swift in Sources */ = {isa = PBXBuildFile; fileRef = 3293113226197761001190DF /* SessionStorage.swift */; };
		3293113426197761001190DF /* SessionStorage.swift in Sources */ = {isa = PBXBuildFile; fileRef = 3293113226197761001190DF /* SessionStorage.swift */; };
		32931140261A4C39001190DF /* Logger.swift in Sources */ = {isa = PBXBuildFile; fileRef = 3293113F261A4C39001190DF /* Logger.swift */; };
		32931141261A4C39001190DF /* Logger.swift in Sources */ = {isa = PBXBuildFile; fileRef = 3293113F261A4C39001190DF /* Logger.swift */; };
		32C83ACA2624BA7500BA0260 /* PageMO.swift in Sources */ = {isa = PBXBuildFile; fileRef = 32C83AC92624BA7500BA0260 /* PageMO.swift */; };
		32C83ACB2624BA7500BA0260 /* PageMO.swift in Sources */ = {isa = PBXBuildFile; fileRef = 32C83AC92624BA7500BA0260 /* PageMO.swift */; };
		32C83AD22624C13C00BA0260 /* SessionRowView.swift in Sources */ = {isa = PBXBuildFile; fileRef = 32C83AD12624C13C00BA0260 /* SessionRowView.swift */; };
		32C83AD32624C13C00BA0260 /* SessionRowView.swift in Sources */ = {isa = PBXBuildFile; fileRef = 32C83AD12624C13C00BA0260 /* SessionRowView.swift */; };
		32C93552261017DB00337368 /* SafariManager.swift in Sources */ = {isa = PBXBuildFile; fileRef = 32C93551261017DB00337368 /* SafariManager.swift */; };
		32C935552610192200337368 /* SafariManager.swift in Sources */ = {isa = PBXBuildFile; fileRef = 32C93551261017DB00337368 /* SafariManager.swift */; };
		32C9355B26101BA100337368 /* Page.swift in Sources */ = {isa = PBXBuildFile; fileRef = 32C9355A26101BA100337368 /* Page.swift */; };
		32C9356826101C7600337368 /* AppState.swift in Sources */ = {isa = PBXBuildFile; fileRef = 32C9356726101C7600337368 /* AppState.swift */; };
		32C9356D26101C9900337368 /* Page.swift in Sources */ = {isa = PBXBuildFile; fileRef = 32C9355A26101BA100337368 /* Page.swift */; };
		32C9357026101CA200337368 /* AppState.swift in Sources */ = {isa = PBXBuildFile; fileRef = 32C9356726101C7600337368 /* AppState.swift */; };
		32C9357726101D6200337368 /* Session.swift in Sources */ = {isa = PBXBuildFile; fileRef = 32C9357626101D6200337368 /* Session.swift */; };
		32C9357C2610247800337368 /* Session.swift in Sources */ = {isa = PBXBuildFile; fileRef = 32C9357626101D6200337368 /* Session.swift */; };
		32E674A5261F76720062251D /* SessionsView.swift in Sources */ = {isa = PBXBuildFile; fileRef = 32E674A4261F76720062251D /* SessionsView.swift */; };
		32E674A6261F76720062251D /* SessionsView.swift in Sources */ = {isa = PBXBuildFile; fileRef = 32E674A4261F76720062251D /* SessionsView.swift */; };
		32E674AA261F769F0062251D /* SessionsViewViewModel.swift in Sources */ = {isa = PBXBuildFile; fileRef = 32E674A9261F769F0062251D /* SessionsViewViewModel.swift */; };
		32E674AB261F769F0062251D /* SessionsViewViewModel.swift in Sources */ = {isa = PBXBuildFile; fileRef = 32E674A9261F769F0062251D /* SessionsViewViewModel.swift */; };
		32F3CC27260FE42100B559F4 /* style.css in Resources */ = {isa = PBXBuildFile; fileRef = 32F3CC26260FE42100B559F4 /* style.css */; };
/* End PBXBuildFile section */

/* Begin PBXContainerItemProxy section */
		3214A1DB260FD1F100315087 /* PBXContainerItemProxy */ = {
			isa = PBXContainerItemProxy;
			containerPortal = 3214A1A3260FD11500315087 /* Project object */;
			proxyType = 1;
			remoteGlobalIDString = 3214A1C7260FD1F100315087;
			remoteInfo = SessionSaverSafari;
		};
/* End PBXContainerItemProxy section */

/* Begin PBXCopyFilesBuildPhase section */
		3214A1E1260FD1F100315087 /* Embed App Extensions */ = {
			isa = PBXCopyFilesBuildPhase;
			buildActionMask = 2147483647;
			dstPath = "";
			dstSubfolderSpec = 13;
			files = (
				3214A1DD260FD1F100315087 /* SessionSaverSafari.appex in Embed App Extensions */,
			);
			name = "Embed App Extensions";
			runOnlyForDeploymentPostprocessing = 0;
		};
/* End PBXCopyFilesBuildPhase section */

/* Begin PBXFileReference section */
		3203BFB1261F567400FF2FBC /* PersistentContainer.swift */ = {isa = PBXFileReference; lastKnownFileType = sourcecode.swift; path = PersistentContainer.swift; sourceTree = "<group>"; };
		3214A1AB260FD11500315087 /* SessionSaver.app */ = {isa = PBXFileReference; explicitFileType = wrapper.application; includeInIndex = 0; path = SessionSaver.app; sourceTree = BUILT_PRODUCTS_DIR; };
		3214A1AE260FD11500315087 /* SessionSaverApp.swift */ = {isa = PBXFileReference; lastKnownFileType = sourcecode.swift; path = SessionSaverApp.swift; sourceTree = "<group>"; };
		3214A1B0260FD11500315087 /* ContentView.swift */ = {isa = PBXFileReference; lastKnownFileType = sourcecode.swift; path = ContentView.swift; sourceTree = "<group>"; };
		3214A1B2260FD11600315087 /* Assets.xcassets */ = {isa = PBXFileReference; lastKnownFileType = folder.assetcatalog; path = Assets.xcassets; sourceTree = "<group>"; };
		3214A1B5260FD11600315087 /* Preview Assets.xcassets */ = {isa = PBXFileReference; lastKnownFileType = folder.assetcatalog; path = "Preview Assets.xcassets"; sourceTree = "<group>"; };
		3214A1B7260FD11600315087 /* PersistenceController.swift */ = {isa = PBXFileReference; lastKnownFileType = sourcecode.swift; path = PersistenceController.swift; sourceTree = "<group>"; };
		3214A1BA260FD11600315087 /* SessionSaver.xcdatamodel */ = {isa = PBXFileReference; lastKnownFileType = wrapper.xcdatamodel; path = SessionSaver.xcdatamodel; sourceTree = "<group>"; };
		3214A1BC260FD11600315087 /* Info.plist */ = {isa = PBXFileReference; lastKnownFileType = text.plist.xml; path = Info.plist; sourceTree = "<group>"; };
		3214A1BD260FD11600315087 /* SessionSaver.entitlements */ = {isa = PBXFileReference; lastKnownFileType = text.plist.entitlements; path = SessionSaver.entitlements; sourceTree = "<group>"; };
		3214A1C8260FD1F100315087 /* SessionSaverSafari.appex */ = {isa = PBXFileReference; explicitFileType = "wrapper.app-extension"; includeInIndex = 0; path = SessionSaverSafari.appex; sourceTree = BUILT_PRODUCTS_DIR; };
		3214A1CA260FD1F100315087 /* Cocoa.framework */ = {isa = PBXFileReference; lastKnownFileType = wrapper.framework; name = Cocoa.framework; path = System/Library/Frameworks/Cocoa.framework; sourceTree = SDKROOT; };
		3214A1CD260FD1F100315087 /* SafariExtensionHandler.swift */ = {isa = PBXFileReference; lastKnownFileType = sourcecode.swift; path = SafariExtensionHandler.swift; sourceTree = "<group>"; };
		3214A1CF260FD1F100315087 /* SafariExtensionViewController.swift */ = {isa = PBXFileReference; lastKnownFileType = sourcecode.swift; path = SafariExtensionViewController.swift; sourceTree = "<group>"; };
		3214A1D2260FD1F100315087 /* script.js */ = {isa = PBXFileReference; lastKnownFileType = sourcecode.javascript; path = script.js; sourceTree = "<group>"; };
		3214A1D4260FD1F100315087 /* ToolbarItemIcon.pdf */ = {isa = PBXFileReference; lastKnownFileType = image.pdf; path = ToolbarItemIcon.pdf; sourceTree = "<group>"; };
		3214A1D9260FD1F100315087 /* Info.plist */ = {isa = PBXFileReference; lastKnownFileType = text.plist.xml; path = Info.plist; sourceTree = "<group>"; };
		3214A1DA260FD1F100315087 /* SessionSaverSafari.entitlements */ = {isa = PBXFileReference; lastKnownFileType = text.plist.entitlements; path = SessionSaverSafari.entitlements; sourceTree = "<group>"; };
		324F4DE3262E56E6002FD448 /* Sequence.swift */ = {isa = PBXFileReference; lastKnownFileType = sourcecode.swift; path = Sequence.swift; sourceTree = "<group>"; };
		324F4DFC262E5C78002FD448 /* NewSessionButton.swift */ = {isa = PBXFileReference; lastKnownFileType = sourcecode.swift; path = NewSessionButton.swift; sourceTree = "<group>"; };
		3251C2D0261DFF1F0081212A /* SessionMO.swift */ = {isa = PBXFileReference; lastKnownFileType = sourcecode.swift; path = SessionMO.swift; sourceTree = "<group>"; };
		32557C6E2667C6C20010FB9A /* MockData.swift */ = {isa = PBXFileReference; lastKnownFileType = sourcecode.swift; path = MockData.swift; sourceTree = "<group>"; };
		325DA424261CD607008957E2 /* DBHelper.swift */ = {isa = PBXFileReference; lastKnownFileType = sourcecode.swift; path = DBHelper.swift; sourceTree = "<group>"; };
		325DA429261CD61F008957E2 /* CoreDataHelper.swift */ = {isa = PBXFileReference; lastKnownFileType = sourcecode.swift; path = CoreDataHelper.swift; sourceTree = "<group>"; };
		3293113226197761001190DF /* SessionStorage.swift */ = {isa = PBXFileReference; lastKnownFileType = sourcecode.swift; path = SessionStorage.swift; sourceTree = "<group>"; };
		3293113F261A4C39001190DF /* Logger.swift */ = {isa = PBXFileReference; lastKnownFileType = sourcecode.swift; path = Logger.swift; sourceTree = "<group>"; };
		32C83AC92624BA7500BA0260 /* PageMO.swift */ = {isa = PBXFileReference; lastKnownFileType = sourcecode.swift; path = PageMO.swift; sourceTree = "<group>"; };
		32C83AD12624C13C00BA0260 /* SessionRowView.swift */ = {isa = PBXFileReference; lastKnownFileType = sourcecode.swift; path = SessionRowView.swift; sourceTree = "<group>"; };
		32C93551261017DB00337368 /* SafariManager.swift */ = {isa = PBXFileReference; lastKnownFileType = sourcecode.swift; path = SafariManager.swift; sourceTree = "<group>"; };
		32C9355A26101BA100337368 /* Page.swift */ = {isa = PBXFileReference; lastKnownFileType = sourcecode.swift; path = Page.swift; sourceTree = "<group>"; };
		32C9356726101C7600337368 /* AppState.swift */ = {isa = PBXFileReference; lastKnownFileType = sourcecode.swift; path = AppState.swift; sourceTree = "<group>"; };
		32C9357626101D6200337368 /* Session.swift */ = {isa = PBXFileReference; lastKnownFileType = sourcecode.swift; path = Session.swift; sourceTree = "<group>"; };
		32DA5AD62610398B00AB6FBF /* .gitignore */ = {isa = PBXFileReference; lastKnownFileType = text; path = .gitignore; sourceTree = "<group>"; };
		32DA5AD926103A0B00AB6FBF /* README.md */ = {isa = PBXFileReference; lastKnownFileType = net.daringfireball.markdown; path = README.md; sourceTree = "<group>"; };
		32E674A4261F76720062251D /* SessionsView.swift */ = {isa = PBXFileReference; lastKnownFileType = sourcecode.swift; path = SessionsView.swift; sourceTree = "<group>"; };
		32E674A9261F769F0062251D /* SessionsViewViewModel.swift */ = {isa = PBXFileReference; lastKnownFileType = sourcecode.swift; path = SessionsViewViewModel.swift; sourceTree = "<group>"; };
		32F3CC26260FE42100B559F4 /* style.css */ = {isa = PBXFileReference; lastKnownFileType = text.css; path = style.css; sourceTree = "<group>"; };
/* End PBXFileReference section */

/* Begin PBXFrameworksBuildPhase section */
		3214A1A8260FD11500315087 /* Frameworks */ = {
			isa = PBXFrameworksBuildPhase;
			buildActionMask = 2147483647;
			files = (
			);
			runOnlyForDeploymentPostprocessing = 0;
		};
		3214A1C5260FD1F100315087 /* Frameworks */ = {
			isa = PBXFrameworksBuildPhase;
			buildActionMask = 2147483647;
			files = (
				3214A1CB260FD1F100315087 /* Cocoa.framework in Frameworks */,
			);
			runOnlyForDeploymentPostprocessing = 0;
		};
/* End PBXFrameworksBuildPhase section */

/* Begin PBXGroup section */
		3214A1A2260FD11500315087 = {
			isa = PBXGroup;
			children = (
				32DA5AD926103A0B00AB6FBF /* README.md */,
				3214A1AD260FD11500315087 /* SessionSaver */,
				3214A1EA260FD32300315087 /* shared */,
				3214A1CC260FD1F100315087 /* SessionSaverSafari */,
				32DA5AD62610398B00AB6FBF /* .gitignore */,
				3214A1C9260FD1F100315087 /* Frameworks */,
				3214A1AC260FD11500315087 /* Products */,
			);
			sourceTree = "<group>";
		};
		3214A1AC260FD11500315087 /* Products */ = {
			isa = PBXGroup;
			children = (
				3214A1AB260FD11500315087 /* SessionSaver.app */,
				3214A1C8260FD1F100315087 /* SessionSaverSafari.appex */,
			);
			name = Products;
			sourceTree = "<group>";
		};
		3214A1AD260FD11500315087 /* SessionSaver */ = {
			isa = PBXGroup;
			children = (
				3214A1AE260FD11500315087 /* SessionSaverApp.swift */,
				3214A1B0260FD11500315087 /* ContentView.swift */,
				3214A1B2260FD11600315087 /* Assets.xcassets */,
				3214A1BC260FD11600315087 /* Info.plist */,
				3214A1BD260FD11600315087 /* SessionSaver.entitlements */,
				3214A1B4260FD11600315087 /* Preview Content */,
			);
			path = SessionSaver;
			sourceTree = "<group>";
		};
		3214A1B4260FD11600315087 /* Preview Content */ = {
			isa = PBXGroup;
			children = (
				3214A1B5260FD11600315087 /* Preview Assets.xcassets */,
				32557C6E2667C6C20010FB9A /* MockData.swift */,
			);
			path = "Preview Content";
			sourceTree = "<group>";
		};
		3214A1C9260FD1F100315087 /* Frameworks */ = {
			isa = PBXGroup;
			children = (
				3214A1CA260FD1F100315087 /* Cocoa.framework */,
			);
			name = Frameworks;
			sourceTree = "<group>";
		};
		3214A1CC260FD1F100315087 /* SessionSaverSafari */ = {
			isa = PBXGroup;
			children = (
				3214A1CD260FD1F100315087 /* SafariExtensionHandler.swift */,
				3214A1CF260FD1F100315087 /* SafariExtensionViewController.swift */,
				3214A1D9260FD1F100315087 /* Info.plist */,
				3214A1DA260FD1F100315087 /* SessionSaverSafari.entitlements */,
				3214A1D1260FD1F100315087 /* Resources */,
			);
			path = SessionSaverSafari;
			sourceTree = "<group>";
		};
		3214A1D1260FD1F100315087 /* Resources */ = {
			isa = PBXGroup;
			children = (
				3214A1D2260FD1F100315087 /* script.js */,
				3214A1D4260FD1F100315087 /* ToolbarItemIcon.pdf */,
				32F3CC26260FE42100B559F4 /* style.css */,
			);
			path = Resources;
			sourceTree = "<group>";
		};
		3214A1EA260FD32300315087 /* shared */ = {
			isa = PBXGroup;
			children = (
				32C9356C26101C9000337368 /* Model */,
				32C9357326101CC800337368 /* ViewModel */,
				32C9356B26101C7D00337368 /* Views */,
				324F4DF2262E597F002FD448 /* Helpers */,
				3293113E261A4C28001190DF /* Utilities */,
				32931144261A4EEB001190DF /* Extensions */,
			);
			path = shared;
			sourceTree = "<group>";
		};
		324F4DF2262E597F002FD448 /* Helpers */ = {
			isa = PBXGroup;
			children = (
				3214A1B7260FD11600315087 /* PersistenceController.swift */,
				325DA429261CD61F008957E2 /* CoreDataHelper.swift */,
				3293113226197761001190DF /* SessionStorage.swift */,
				32C93551261017DB00337368 /* SafariManager.swift */,
			);
			path = Helpers;
			sourceTree = "<group>";
		};
		324F4DFB262E5C52002FD448 /* NewSessionButton */ = {
			isa = PBXGroup;
			children = (
				324F4DFC262E5C78002FD448 /* NewSessionButton.swift */,
			);
			path = NewSessionButton;
			sourceTree = "<group>";
		};
		3293113E261A4C28001190DF /* Utilities */ = {
			isa = PBXGroup;
			children = (
				3293113F261A4C39001190DF /* Logger.swift */,
				325DA424261CD607008957E2 /* DBHelper.swift */,
				3203BFB1261F567400FF2FBC /* PersistentContainer.swift */,
			);
			path = Utilities;
			sourceTree = "<group>";
		};
		32931144261A4EEB001190DF /* Extensions */ = {
			isa = PBXGroup;
			children = (
				324F4DE3262E56E6002FD448 /* Sequence.swift */,
			);
			path = Extensions;
			sourceTree = "<group>";
		};
		32C83AD02624C12700BA0260 /* SessionRowView */ = {
			isa = PBXGroup;
			children = (
				32C83AD12624C13C00BA0260 /* SessionRowView.swift */,
			);
			path = SessionRowView;
			sourceTree = "<group>";
		};
		32C9356B26101C7D00337368 /* Views */ = {
			isa = PBXGroup;
			children = (
				32E6749E261F762E0062251D /* SessionsView */,
				32C83AD02624C12700BA0260 /* SessionRowView */,
				324F4DFB262E5C52002FD448 /* NewSessionButton */,
			);
			path = Views;
			sourceTree = "<group>";
		};
		32C9356C26101C9000337368 /* Model */ = {
			isa = PBXGroup;
			children = (
				32C9357626101D6200337368 /* Session.swift */,
				32C9355A26101BA100337368 /* Page.swift */,
				3214A1B9260FD11600315087 /* SessionSaver.xcdatamodeld */,
				3251C2D0261DFF1F0081212A /* SessionMO.swift */,
				32C83AC92624BA7500BA0260 /* PageMO.swift */,
			);
			path = Model;
			sourceTree = "<group>";
		};
		32C9357326101CC800337368 /* ViewModel */ = {
			isa = PBXGroup;
			children = (
				32C9356726101C7600337368 /* AppState.swift */,
			);
			path = ViewModel;
			sourceTree = "<group>";
		};
		32E6749E261F762E0062251D /* SessionsView */ = {
			isa = PBXGroup;
			children = (
				32E674A4261F76720062251D /* SessionsView.swift */,
				32E674A9261F769F0062251D /* SessionsViewViewModel.swift */,
			);
			path = SessionsView;
			sourceTree = "<group>";
		};
/* End PBXGroup section */

/* Begin PBXNativeTarget section */
		3214A1AA260FD11500315087 /* SessionSaver */ = {
			isa = PBXNativeTarget;
			buildConfigurationList = 3214A1C0260FD11600315087 /* Build configuration list for PBXNativeTarget "SessionSaver" */;
			buildPhases = (
				3214A1A7260FD11500315087 /* Sources */,
				3214A1A8260FD11500315087 /* Frameworks */,
				3214A1A9260FD11500315087 /* Resources */,
				3214A1E1260FD1F100315087 /* Embed App Extensions */,
			);
			buildRules = (
			);
			dependencies = (
				3214A1DC260FD1F100315087 /* PBXTargetDependency */,
			);
			name = SessionSaver;
			productName = SessionSaver;
			productReference = 3214A1AB260FD11500315087 /* SessionSaver.app */;
			productType = "com.apple.product-type.application";
		};
		3214A1C7260FD1F100315087 /* SessionSaverSafari */ = {
			isa = PBXNativeTarget;
			buildConfigurationList = 3214A1DE260FD1F100315087 /* Build configuration list for PBXNativeTarget "SessionSaverSafari" */;
			buildPhases = (
				3214A1C4260FD1F100315087 /* Sources */,
				3214A1C5260FD1F100315087 /* Frameworks */,
				3214A1C6260FD1F100315087 /* Resources */,
			);
			buildRules = (
			);
			dependencies = (
			);
			name = SessionSaverSafari;
			productName = SessionSaverSafari;
			productReference = 3214A1C8260FD1F100315087 /* SessionSaverSafari.appex */;
			productType = "com.apple.product-type.app-extension";
		};
/* End PBXNativeTarget section */

/* Begin PBXProject section */
		3214A1A3260FD11500315087 /* Project object */ = {
			isa = PBXProject;
			attributes = {
				LastSwiftUpdateCheck = 1240;
				LastUpgradeCheck = 1240;
				TargetAttributes = {
					3214A1AA260FD11500315087 = {
						CreatedOnToolsVersion = 12.4;
					};
					3214A1C7260FD1F100315087 = {
						CreatedOnToolsVersion = 12.4;
					};
				};
			};
			buildConfigurationList = 3214A1A6260FD11500315087 /* Build configuration list for PBXProject "SessionSaver" */;
			compatibilityVersion = "Xcode 9.3";
			developmentRegion = en;
			hasScannedForEncodings = 0;
			knownRegions = (
				en,
				Base,
			);
			mainGroup = 3214A1A2260FD11500315087;
			productRefGroup = 3214A1AC260FD11500315087 /* Products */;
			projectDirPath = "";
			projectRoot = "";
			targets = (
				3214A1AA260FD11500315087 /* SessionSaver */,
				3214A1C7260FD1F100315087 /* SessionSaverSafari */,
			);
		};
/* End PBXProject section */

/* Begin PBXResourcesBuildPhase section */
		3214A1A9260FD11500315087 /* Resources */ = {
			isa = PBXResourcesBuildPhase;
			buildActionMask = 2147483647;
			files = (
				3214A1B6260FD11600315087 /* Preview Assets.xcassets in Resources */,
				3214A1B3260FD11600315087 /* Assets.xcassets in Resources */,
			);
			runOnlyForDeploymentPostprocessing = 0;
		};
		3214A1C6260FD1F100315087 /* Resources */ = {
			isa = PBXResourcesBuildPhase;
			buildActionMask = 2147483647;
			files = (
				32F3CC27260FE42100B559F4 /* style.css in Resources */,
				3214A1D5260FD1F100315087 /* ToolbarItemIcon.pdf in Resources */,
				3214A1D3260FD1F100315087 /* script.js in Resources */,
			);
			runOnlyForDeploymentPostprocessing = 0;
		};
/* End PBXResourcesBuildPhase section */

/* Begin PBXSourcesBuildPhase section */
		3214A1A7260FD11500315087 /* Sources */ = {
			isa = PBXSourcesBuildPhase;
			buildActionMask = 2147483647;
			files = (
				32C83ACA2624BA7500BA0260 /* PageMO.swift in Sources */,
				32C9357C2610247800337368 /* Session.swift in Sources */,
				324F4DE4262E56E6002FD448 /* Sequence.swift in Sources */,
				324F4DFD262E5C78002FD448 /* NewSessionButton.swift in Sources */,
				3203BFB2261F567400FF2FBC /* PersistentContainer.swift in Sources */,
				3214A1B8260FD11600315087 /* PersistenceController.swift in Sources */,
				32C9356D26101C9900337368 /* Page.swift in Sources */,
				32C9357026101CA200337368 /* AppState.swift in Sources */,
				3214A1B1260FD11500315087 /* ContentView.swift in Sources */,
				32931140261A4C39001190DF /* Logger.swift in Sources */,
				32E674AA261F769F0062251D /* SessionsViewViewModel.swift in Sources */,
				3214A1BB260FD11600315087 /* SessionSaver.xcdatamodeld in Sources */,
				32C83AD22624C13C00BA0260 /* SessionRowView.swift in Sources */,
				3293113326197761001190DF /* SessionStorage.swift in Sources */,
				325DA42A261CD61F008957E2 /* CoreDataHelper.swift in Sources */,
				32E674A5261F76720062251D /* SessionsView.swift in Sources */,
				3214A1AF260FD11500315087 /* SessionSaverApp.swift in Sources */,
				32C935552610192200337368 /* SafariManager.swift in Sources */,
				3251C2D1261DFF1F0081212A /* SessionMO.swift in Sources */,
				32557C6F2667C6C20010FB9A /* MockData.swift in Sources */,
				325DA425261CD607008957E2 /* DBHelper.swift in Sources */,
			);
			runOnlyForDeploymentPostprocessing = 0;
		};
		3214A1C4260FD1F100315087 /* Sources */ = {
			isa = PBXSourcesBuildPhase;
			buildActionMask = 2147483647;
			files = (
				32C83ACB2624BA7500BA0260 /* PageMO.swift in Sources */,
				324F4DE7262E5718002FD448 /* Sequence.swift in Sources */,
				3203BFB3261F567400FF2FBC /* PersistentContainer.swift in Sources */,
				324F4DFE262E5C78002FD448 /* NewSessionButton.swift in Sources */,
				32C93552261017DB00337368 /* SafariManager.swift in Sources */,
				32C9356826101C7600337368 /* AppState.swift in Sources */,
				3214A1D0260FD1F100315087 /* SafariExtensionViewController.swift in Sources */,
				32C9357726101D6200337368 /* Session.swift in Sources */,
				3214A1CE260FD1F100315087 /* SafariExtensionHandler.swift in Sources */,
				32931141261A4C39001190DF /* Logger.swift in Sources */,
				32E674AB261F769F0062251D /* SessionsViewViewModel.swift in Sources */,
				32C9355B26101BA100337368 /* Page.swift in Sources */,
				32C83AD32624C13C00BA0260 /* SessionRowView.swift in Sources */,
				3293113426197761001190DF /* SessionStorage.swift in Sources */,
				325DA42B261CD61F008957E2 /* CoreDataHelper.swift in Sources */,
				32E674A6261F76720062251D /* SessionsView.swift in Sources */,
				3293112C2619481E001190DF /* SessionSaver.xcdatamodeld in Sources */,
				3293112F261974EC001190DF /* PersistenceController.swift in Sources */,
				3251C2D2261DFF1F0081212A /* SessionMO.swift in Sources */,
				32557C702667C6C20010FB9A /* MockData.swift in Sources */,
				325DA426261CD607008957E2 /* DBHelper.swift in Sources */,
			);
			runOnlyForDeploymentPostprocessing = 0;
		};
/* End PBXSourcesBuildPhase section */

/* Begin PBXTargetDependency section */
		3214A1DC260FD1F100315087 /* PBXTargetDependency */ = {
			isa = PBXTargetDependency;
			target = 3214A1C7260FD1F100315087 /* SessionSaverSafari */;
			targetProxy = 3214A1DB260FD1F100315087 /* PBXContainerItemProxy */;
		};
/* End PBXTargetDependency section */

/* Begin XCBuildConfiguration section */
		3214A1BE260FD11600315087 /* Debug */ = {
			isa = XCBuildConfiguration;
			buildSettings = {
				ALWAYS_SEARCH_USER_PATHS = NO;
				CLANG_ANALYZER_NONNULL = YES;
				CLANG_ANALYZER_NUMBER_OBJECT_CONVERSION = YES_AGGRESSIVE;
				CLANG_CXX_LANGUAGE_STANDARD = "gnu++14";
				CLANG_CXX_LIBRARY = "libc++";
				CLANG_ENABLE_MODULES = YES;
				CLANG_ENABLE_OBJC_ARC = YES;
				CLANG_ENABLE_OBJC_WEAK = YES;
				CLANG_WARN_BLOCK_CAPTURE_AUTORELEASING = YES;
				CLANG_WARN_BOOL_CONVERSION = YES;
				CLANG_WARN_COMMA = YES;
				CLANG_WARN_CONSTANT_CONVERSION = YES;
				CLANG_WARN_DEPRECATED_OBJC_IMPLEMENTATIONS = YES;
				CLANG_WARN_DIRECT_OBJC_ISA_USAGE = YES_ERROR;
				CLANG_WARN_DOCUMENTATION_COMMENTS = YES;
				CLANG_WARN_EMPTY_BODY = YES;
				CLANG_WARN_ENUM_CONVERSION = YES;
				CLANG_WARN_INFINITE_RECURSION = YES;
				CLANG_WARN_INT_CONVERSION = YES;
				CLANG_WARN_NON_LITERAL_NULL_CONVERSION = YES;
				CLANG_WARN_OBJC_IMPLICIT_RETAIN_SELF = YES;
				CLANG_WARN_OBJC_LITERAL_CONVERSION = YES;
				CLANG_WARN_OBJC_ROOT_CLASS = YES_ERROR;
				CLANG_WARN_QUOTED_INCLUDE_IN_FRAMEWORK_HEADER = YES;
				CLANG_WARN_RANGE_LOOP_ANALYSIS = YES;
				CLANG_WARN_STRICT_PROTOTYPES = YES;
				CLANG_WARN_SUSPICIOUS_MOVE = YES;
				CLANG_WARN_UNGUARDED_AVAILABILITY = YES_AGGRESSIVE;
				CLANG_WARN_UNREACHABLE_CODE = YES;
				CLANG_WARN__DUPLICATE_METHOD_MATCH = YES;
				COPY_PHASE_STRIP = NO;
				DEBUG_INFORMATION_FORMAT = dwarf;
				ENABLE_STRICT_OBJC_MSGSEND = YES;
				ENABLE_TESTABILITY = YES;
				GCC_C_LANGUAGE_STANDARD = gnu11;
				GCC_DYNAMIC_NO_PIC = NO;
				GCC_NO_COMMON_BLOCKS = YES;
				GCC_OPTIMIZATION_LEVEL = 0;
				GCC_PREPROCESSOR_DEFINITIONS = (
					"DEBUG=1",
					"$(inherited)",
				);
				GCC_WARN_64_TO_32_BIT_CONVERSION = YES;
				GCC_WARN_ABOUT_RETURN_TYPE = YES_ERROR;
				GCC_WARN_UNDECLARED_SELECTOR = YES;
				GCC_WARN_UNINITIALIZED_AUTOS = YES_AGGRESSIVE;
				GCC_WARN_UNUSED_FUNCTION = YES;
				GCC_WARN_UNUSED_VARIABLE = YES;
				MACOSX_DEPLOYMENT_TARGET = 11.1;
				MTL_ENABLE_DEBUG_INFO = INCLUDE_SOURCE;
				MTL_FAST_MATH = YES;
				ONLY_ACTIVE_ARCH = YES;
				SDKROOT = macosx;
				SWIFT_ACTIVE_COMPILATION_CONDITIONS = DEBUG;
				SWIFT_OPTIMIZATION_LEVEL = "-Onone";
			};
			name = Debug;
		};
		3214A1BF260FD11600315087 /* Release */ = {
			isa = XCBuildConfiguration;
			buildSettings = {
				ALWAYS_SEARCH_USER_PATHS = NO;
				CLANG_ANALYZER_NONNULL = YES;
				CLANG_ANALYZER_NUMBER_OBJECT_CONVERSION = YES_AGGRESSIVE;
				CLANG_CXX_LANGUAGE_STANDARD = "gnu++14";
				CLANG_CXX_LIBRARY = "libc++";
				CLANG_ENABLE_MODULES = YES;
				CLANG_ENABLE_OBJC_ARC = YES;
				CLANG_ENABLE_OBJC_WEAK = YES;
				CLANG_WARN_BLOCK_CAPTURE_AUTORELEASING = YES;
				CLANG_WARN_BOOL_CONVERSION = YES;
				CLANG_WARN_COMMA = YES;
				CLANG_WARN_CONSTANT_CONVERSION = YES;
				CLANG_WARN_DEPRECATED_OBJC_IMPLEMENTATIONS = YES;
				CLANG_WARN_DIRECT_OBJC_ISA_USAGE = YES_ERROR;
				CLANG_WARN_DOCUMENTATION_COMMENTS = YES;
				CLANG_WARN_EMPTY_BODY = YES;
				CLANG_WARN_ENUM_CONVERSION = YES;
				CLANG_WARN_INFINITE_RECURSION = YES;
				CLANG_WARN_INT_CONVERSION = YES;
				CLANG_WARN_NON_LITERAL_NULL_CONVERSION = YES;
				CLANG_WARN_OBJC_IMPLICIT_RETAIN_SELF = YES;
				CLANG_WARN_OBJC_LITERAL_CONVERSION = YES;
				CLANG_WARN_OBJC_ROOT_CLASS = YES_ERROR;
				CLANG_WARN_QUOTED_INCLUDE_IN_FRAMEWORK_HEADER = YES;
				CLANG_WARN_RANGE_LOOP_ANALYSIS = YES;
				CLANG_WARN_STRICT_PROTOTYPES = YES;
				CLANG_WARN_SUSPICIOUS_MOVE = YES;
				CLANG_WARN_UNGUARDED_AVAILABILITY = YES_AGGRESSIVE;
				CLANG_WARN_UNREACHABLE_CODE = YES;
				CLANG_WARN__DUPLICATE_METHOD_MATCH = YES;
				COPY_PHASE_STRIP = NO;
				DEBUG_INFORMATION_FORMAT = "dwarf-with-dsym";
				ENABLE_NS_ASSERTIONS = NO;
				ENABLE_STRICT_OBJC_MSGSEND = YES;
				GCC_C_LANGUAGE_STANDARD = gnu11;
				GCC_NO_COMMON_BLOCKS = YES;
				GCC_WARN_64_TO_32_BIT_CONVERSION = YES;
				GCC_WARN_ABOUT_RETURN_TYPE = YES_ERROR;
				GCC_WARN_UNDECLARED_SELECTOR = YES;
				GCC_WARN_UNINITIALIZED_AUTOS = YES_AGGRESSIVE;
				GCC_WARN_UNUSED_FUNCTION = YES;
				GCC_WARN_UNUSED_VARIABLE = YES;
				MACOSX_DEPLOYMENT_TARGET = 11.1;
				MTL_ENABLE_DEBUG_INFO = NO;
				MTL_FAST_MATH = YES;
				SDKROOT = macosx;
				SWIFT_COMPILATION_MODE = wholemodule;
				SWIFT_OPTIMIZATION_LEVEL = "-O";
			};
			name = Release;
		};
		3214A1C1260FD11600315087 /* Debug */ = {
			isa = XCBuildConfiguration;
			buildSettings = {
				ALWAYS_EMBED_SWIFT_STANDARD_LIBRARIES = YES;
				ASSETCATALOG_COMPILER_APPICON_NAME = AppIcon;
				ASSETCATALOG_COMPILER_GLOBAL_ACCENT_COLOR_NAME = AccentColor;
				CODE_SIGN_ENTITLEMENTS = SessionSaver/SessionSaver.entitlements;
				CODE_SIGN_STYLE = Automatic;
				COMBINE_HIDPI_IMAGES = YES;
				DEVELOPMENT_ASSET_PATHS = "\"SessionSaver/Preview Content\"";
				DEVELOPMENT_TEAM = TZ5YSJH8XE;
				ENABLE_HARDENED_RUNTIME = YES;
				ENABLE_PREVIEWS = YES;
				INFOPLIST_FILE = SessionSaver/Info.plist;
				LD_RUNPATH_SEARCH_PATHS = (
					"$(inherited)",
					"@executable_path/../Frameworks",
				);
				MACOSX_DEPLOYMENT_TARGET = 11.0;
				PRODUCT_BUNDLE_IDENTIFIER = com.VictorPuga.SessionSaver;
				PRODUCT_NAME = "$(TARGET_NAME)";
				SWIFT_VERSION = 5.0;
			};
			name = Debug;
		};
		3214A1C2260FD11600315087 /* Release */ = {
			isa = XCBuildConfiguration;
			buildSettings = {
				ALWAYS_EMBED_SWIFT_STANDARD_LIBRARIES = YES;
				ASSETCATALOG_COMPILER_APPICON_NAME = AppIcon;
				ASSETCATALOG_COMPILER_GLOBAL_ACCENT_COLOR_NAME = AccentColor;
				CODE_SIGN_ENTITLEMENTS = SessionSaver/SessionSaver.entitlements;
				CODE_SIGN_STYLE = Automatic;
				COMBINE_HIDPI_IMAGES = YES;
				DEVELOPMENT_ASSET_PATHS = "\"SessionSaver/Preview Content\"";
				DEVELOPMENT_TEAM = TZ5YSJH8XE;
				ENABLE_HARDENED_RUNTIME = YES;
				ENABLE_PREVIEWS = YES;
				INFOPLIST_FILE = SessionSaver/Info.plist;
				LD_RUNPATH_SEARCH_PATHS = (
					"$(inherited)",
					"@executable_path/../Frameworks",
				);
				MACOSX_DEPLOYMENT_TARGET = 11.0;
				PRODUCT_BUNDLE_IDENTIFIER = com.VictorPuga.SessionSaver;
				PRODUCT_NAME = "$(TARGET_NAME)";
				SWIFT_VERSION = 5.0;
			};
			name = Release;
		};
		3214A1DF260FD1F100315087 /* Debug */ = {
			isa = XCBuildConfiguration;
			buildSettings = {
				CODE_SIGN_ENTITLEMENTS = SessionSaverSafari/SessionSaverSafari.entitlements;
				CODE_SIGN_STYLE = Automatic;
				DEVELOPMENT_TEAM = TZ5YSJH8XE;
				ENABLE_HARDENED_RUNTIME = YES;
				INFOPLIST_FILE = SessionSaverSafari/Info.plist;
				LD_RUNPATH_SEARCH_PATHS = (
					"$(inherited)",
					"@executable_path/../Frameworks",
					"@executable_path/../../../../Frameworks",
				);
				PRODUCT_BUNDLE_IDENTIFIER = com.VictorPuga.SessionSaver.SessionSaverSafari;
				PRODUCT_NAME = "$(TARGET_NAME)";
				SKIP_INSTALL = YES;
				SWIFT_VERSION = 5.0;
			};
			name = Debug;
		};
		3214A1E0260FD1F100315087 /* Release */ = {
			isa = XCBuildConfiguration;
			buildSettings = {
				CODE_SIGN_ENTITLEMENTS = SessionSaverSafari/SessionSaverSafari.entitlements;
				CODE_SIGN_STYLE = Automatic;
				DEVELOPMENT_TEAM = TZ5YSJH8XE;
				ENABLE_HARDENED_RUNTIME = YES;
				INFOPLIST_FILE = SessionSaverSafari/Info.plist;
				LD_RUNPATH_SEARCH_PATHS = (
					"$(inherited)",
					"@executable_path/../Frameworks",
					"@executable_path/../../../../Frameworks",
				);
				PRODUCT_BUNDLE_IDENTIFIER = com.VictorPuga.SessionSaver.SessionSaverSafari;
				PRODUCT_NAME = "$(TARGET_NAME)";
				SKIP_INSTALL = YES;
				SWIFT_VERSION = 5.0;
			};
			name = Release;
		};
/* End XCBuildConfiguration section */

/* Begin XCConfigurationList section */
		3214A1A6260FD11500315087 /* Build configuration list for PBXProject "SessionSaver" */ = {
			isa = XCConfigurationList;
			buildConfigurations = (
				3214A1BE260FD11600315087 /* Debug */,
				3214A1BF260FD11600315087 /* Release */,
			);
			defaultConfigurationIsVisible = 0;
			defaultConfigurationName = Release;
		};
		3214A1C0260FD11600315087 /* Build configuration list for PBXNativeTarget "SessionSaver" */ = {
			isa = XCConfigurationList;
			buildConfigurations = (
				3214A1C1260FD11600315087 /* Debug */,
				3214A1C2260FD11600315087 /* Release */,
			);
			defaultConfigurationIsVisible = 0;
			defaultConfigurationName = Release;
		};
		3214A1DE260FD1F100315087 /* Build configuration list for PBXNativeTarget "SessionSaverSafari" */ = {
			isa = XCConfigurationList;
			buildConfigurations = (
				3214A1DF260FD1F100315087 /* Debug */,
				3214A1E0260FD1F100315087 /* Release */,
			);
			defaultConfigurationIsVisible = 0;
			defaultConfigurationName = Release;
		};
/* End XCConfigurationList section */

/* Begin XCVersionGroup section */
		3214A1B9260FD11600315087 /* SessionSaver.xcdatamodeld */ = {
			isa = XCVersionGroup;
			children = (
				3214A1BA260FD11600315087 /* SessionSaver.xcdatamodel */,
			);
			currentVersion = 3214A1BA260FD11600315087 /* SessionSaver.xcdatamodel */;
			path = SessionSaver.xcdatamodeld;
			sourceTree = "<group>";
			versionGroupType = wrapper.xcdatamodel;
		};
/* End XCVersionGroup section */
	};
	rootObject = 3214A1A3260FD11500315087 /* Project object */;
}
